project=zingg
version=0.7.0
sourceCheckout=reference/upstream-zingg materialized from the immutable Zingg 0.7.0 tag checkout
branch=detached-v0.7.0
commit=21f54e9b4693d49d6f26b2851853b140951a7502
referenceTreeDigest=bae7de881671aa8655ac73027b0a7a759fa790e2e9a8370cc22c787af7099ad1
overlayTreeDigest=70eb5d2a95eab311c085ad4c904c057ca83e8b5fa70cb4d6286f7b9de19c8d69
sourceContext=pristine-reference-plus-pinned-overlay
sparkProfile=databricks-serverless-env5
sparkVersion=4.1.0
scalaVersion=2.13.16
javaRelease=17
overlay=integration/zingg-0.7.0-overlay
buildArtifact=assembly/target/zingg-0.7.0.jar
mainClass=zingg.spark.client.SparkClient
